
Microsoft Visual Studio Solution File, Format Version 12.00
# Visual Studio Version 16
VisualStudioVersion = 16.0.28729.10
MinimumVisualStudioVersion = 10.0.40219.1
Project("{2150E333-8FDC-42A3-9474-1A3956D46DE8}") = "tests", "tests", "{8303C07B-6EC4-419C-9193-E4F6EDE57150}"
EndProject
Project("{9A19103F-16F7-4668-BE54-9A1E7A4F7556}") = "UnitTests", "tests\UnitTests\UnitTests.csproj", "{2A9F96BA-12B2-4371-979A-9E6DFAC1A450}"
EndProject
Project("{2150E333-8FDC-42A3-9474-1A3956D46DE8}") = "build", "build", "{49E15DAE-6733-4E02-80BA-BF0407761A68}"
	ProjectSection(SolutionItems) = preProject
		build.ps1 = build.ps1
		build.sh = build.sh
		build\dependencies.props = build\dependencies.props
		NuGet.config = NuGet.config
	EndProjectSection
EndProject
Project("{9A19103F-16F7-4668-BE54-9A1E7A4F7556}") = "FunctionalTests", "tests\FunctionalTests\FunctionalTests.csproj", "{26E11938-4F07-4255-BFB6-FF4C7706BA7D}"
EndProject
Project("{9A19103F-16F7-4668-BE54-9A1E7A4F7556}") = "Esquio", "src\Esquio\Esquio.csproj", "{481ECE14-28CA-42B3-86F2-5462FB7D1802}"
EndProject
Project("{2150E333-8FDC-42A3-9474-1A3956D46DE8}") = "samples", "samples", "{29B9FABC-D65A-4635-A2A6-458AE458C251}"
EndProject
Project("{9A19103F-16F7-4668-BE54-9A1E7A4F7556}") = "Esquio.AspNetCore", "src\Esquio.AspNetCore\Esquio.AspNetCore.csproj", "{30D6728B-3E8C-44F0-895C-9D91010C8B4D}"
EndProject
Project("{9A19103F-16F7-4668-BE54-9A1E7A4F7556}") = "Esquio.Configuration.Store", "src\Esquio.Configuration.Store\Esquio.Configuration.Store.csproj", "{2BD25641-0976-4680-93F1-B6B16CDBC42D}"
EndProject
Project("{2150E333-8FDC-42A3-9474-1A3956D46DE8}") = "src", "src", "{FA3A9027-8210-4ECE-8075-28EE8C481412}"
EndProject
Project("{9A19103F-16F7-4668-BE54-9A1E7A4F7556}") = "WebApp", "samples\WebApp\WebApp.csproj", "{31B26C85-D240-4EF3-BB59-AF113B3E204B}"
EndProject
Project("{9A19103F-16F7-4668-BE54-9A1E7A4F7556}") = "Esquio.EntityFrameworkCore.Store", "src\Esquio.EntityFrameworkCore.Store\Esquio.EntityFrameworkCore.Store.csproj", "{56731D44-11AE-41EA-A5A8-3713C961F3CC}"
EndProject
Project("{9A19103F-16F7-4668-BE54-9A1E7A4F7556}") = "Worker", "samples\Worker\Worker.csproj", "{64A0E5B7-2126-4366-A583-50618E6000E1}"
EndProject
Project("{9A19103F-16F7-4668-BE54-9A1E7A4F7556}") = "Esquio.UI", "src\Esquio.UI\Esquio.UI.csproj", "{DE4F904D-5D51-437C-A3CE-77822215DAD7}"
EndProject
Project("{9A19103F-16F7-4668-BE54-9A1E7A4F7556}") = "Esquio.UI.Api", "src\Esquio.UI.Api\Esquio.UI.Api.csproj", "{7DB17B78-C401-4CD5-AAE1-38D7BF8207F4}"
EndProject
Project("{9A19103F-16F7-4668-BE54-9A1E7A4F7556}") = "ConsoleApp", "samples\ConsoleApp\ConsoleApp.csproj", "{EB193805-A859-4D3D-8E19-A4EFAD60761B}"
EndProject
Project("{9A19103F-16F7-4668-BE54-9A1E7A4F7556}") = "Esquio.AspNetCore.ApplicationInsightProcessor", "src\Esquio.AspNetCore.ApplicationInsightProcessor\Esquio.AspNetCore.ApplicationInsightProcessor.csproj", "{5493D18A-430B-4AA8-9C2C-3830931AADF5}"
EndProject
Project("{2150E333-8FDC-42A3-9474-1A3956D46DE8}") = "tools", "tools", "{89B085DE-0270-49E9-8AC7-1B1D7119E962}"
EndProject
Project("{9A19103F-16F7-4668-BE54-9A1E7A4F7556}") = "MiniProfiler.Esquio", "tools\MiniProfiler.Esquio\MiniProfiler.Esquio.csproj", "{5B9AB74E-82E6-41C9-AD07-D8883EEA4480}"
EndProject
Project("{FAE04EC0-301F-11D3-BF4B-00C04F79EFBC}") = "Esquio.CliTool", "tools\Esquio.CliTool\Esquio.CliTool.csproj", "{0387A8AA-2431-42CB-8638-C490F2F7E099}"
EndProject
Global
	GlobalSection(SolutionConfigurationPlatforms) = preSolution
		Debug|Any CPU = Debug|Any CPU
		Release|Any CPU = Release|Any CPU
	EndGlobalSection
	GlobalSection(ProjectConfigurationPlatforms) = postSolution
		{2A9F96BA-12B2-4371-979A-9E6DFAC1A450}.Debug|Any CPU.ActiveCfg = Debug|Any CPU
		{2A9F96BA-12B2-4371-979A-9E6DFAC1A450}.Debug|Any CPU.Build.0 = Debug|Any CPU
		{2A9F96BA-12B2-4371-979A-9E6DFAC1A450}.Release|Any CPU.ActiveCfg = Release|Any CPU
		{2A9F96BA-12B2-4371-979A-9E6DFAC1A450}.Release|Any CPU.Build.0 = Release|Any CPU
		{26E11938-4F07-4255-BFB6-FF4C7706BA7D}.Debug|Any CPU.ActiveCfg = Debug|Any CPU
		{26E11938-4F07-4255-BFB6-FF4C7706BA7D}.Debug|Any CPU.Build.0 = Debug|Any CPU
		{26E11938-4F07-4255-BFB6-FF4C7706BA7D}.Release|Any CPU.ActiveCfg = Release|Any CPU
		{26E11938-4F07-4255-BFB6-FF4C7706BA7D}.Release|Any CPU.Build.0 = Release|Any CPU
		{481ECE14-28CA-42B3-86F2-5462FB7D1802}.Debug|Any CPU.ActiveCfg = Debug|Any CPU
		{481ECE14-28CA-42B3-86F2-5462FB7D1802}.Debug|Any CPU.Build.0 = Debug|Any CPU
		{481ECE14-28CA-42B3-86F2-5462FB7D1802}.Release|Any CPU.ActiveCfg = Release|Any CPU
		{481ECE14-28CA-42B3-86F2-5462FB7D1802}.Release|Any CPU.Build.0 = Release|Any CPU
		{30D6728B-3E8C-44F0-895C-9D91010C8B4D}.Debug|Any CPU.ActiveCfg = Debug|Any CPU
		{30D6728B-3E8C-44F0-895C-9D91010C8B4D}.Debug|Any CPU.Build.0 = Debug|Any CPU
		{30D6728B-3E8C-44F0-895C-9D91010C8B4D}.Release|Any CPU.ActiveCfg = Release|Any CPU
		{30D6728B-3E8C-44F0-895C-9D91010C8B4D}.Release|Any CPU.Build.0 = Release|Any CPU
		{2BD25641-0976-4680-93F1-B6B16CDBC42D}.Debug|Any CPU.ActiveCfg = Debug|Any CPU
		{2BD25641-0976-4680-93F1-B6B16CDBC42D}.Debug|Any CPU.Build.0 = Debug|Any CPU
		{2BD25641-0976-4680-93F1-B6B16CDBC42D}.Release|Any CPU.ActiveCfg = Release|Any CPU
		{2BD25641-0976-4680-93F1-B6B16CDBC42D}.Release|Any CPU.Build.0 = Release|Any CPU
		{31B26C85-D240-4EF3-BB59-AF113B3E204B}.Debug|Any CPU.ActiveCfg = Debug|Any CPU
		{31B26C85-D240-4EF3-BB59-AF113B3E204B}.Debug|Any CPU.Build.0 = Debug|Any CPU
		{31B26C85-D240-4EF3-BB59-AF113B3E204B}.Release|Any CPU.ActiveCfg = Release|Any CPU
		{31B26C85-D240-4EF3-BB59-AF113B3E204B}.Release|Any CPU.Build.0 = Release|Any CPU
		{56731D44-11AE-41EA-A5A8-3713C961F3CC}.Debug|Any CPU.ActiveCfg = Debug|Any CPU
		{56731D44-11AE-41EA-A5A8-3713C961F3CC}.Debug|Any CPU.Build.0 = Debug|Any CPU
		{56731D44-11AE-41EA-A5A8-3713C961F3CC}.Release|Any CPU.ActiveCfg = Release|Any CPU
		{56731D44-11AE-41EA-A5A8-3713C961F3CC}.Release|Any CPU.Build.0 = Release|Any CPU
		{64A0E5B7-2126-4366-A583-50618E6000E1}.Debug|Any CPU.ActiveCfg = Debug|Any CPU
		{64A0E5B7-2126-4366-A583-50618E6000E1}.Debug|Any CPU.Build.0 = Debug|Any CPU
		{64A0E5B7-2126-4366-A583-50618E6000E1}.Release|Any CPU.ActiveCfg = Release|Any CPU
		{64A0E5B7-2126-4366-A583-50618E6000E1}.Release|Any CPU.Build.0 = Release|Any CPU
		{DE4F904D-5D51-437C-A3CE-77822215DAD7}.Debug|Any CPU.ActiveCfg = Debug|Any CPU
		{DE4F904D-5D51-437C-A3CE-77822215DAD7}.Debug|Any CPU.Build.0 = Debug|Any CPU
		{DE4F904D-5D51-437C-A3CE-77822215DAD7}.Release|Any CPU.ActiveCfg = Release|Any CPU
		{DE4F904D-5D51-437C-A3CE-77822215DAD7}.Release|Any CPU.Build.0 = Release|Any CPU
		{7DB17B78-C401-4CD5-AAE1-38D7BF8207F4}.Debug|Any CPU.ActiveCfg = Debug|Any CPU
		{7DB17B78-C401-4CD5-AAE1-38D7BF8207F4}.Debug|Any CPU.Build.0 = Debug|Any CPU
		{7DB17B78-C401-4CD5-AAE1-38D7BF8207F4}.Release|Any CPU.ActiveCfg = Release|Any CPU
		{7DB17B78-C401-4CD5-AAE1-38D7BF8207F4}.Release|Any CPU.Build.0 = Release|Any CPU
		{EB193805-A859-4D3D-8E19-A4EFAD60761B}.Debug|Any CPU.ActiveCfg = Debug|Any CPU
		{EB193805-A859-4D3D-8E19-A4EFAD60761B}.Debug|Any CPU.Build.0 = Debug|Any CPU
		{EB193805-A859-4D3D-8E19-A4EFAD60761B}.Release|Any CPU.ActiveCfg = Release|Any CPU
		{EB193805-A859-4D3D-8E19-A4EFAD60761B}.Release|Any CPU.Build.0 = Release|Any CPU
		{5493D18A-430B-4AA8-9C2C-3830931AADF5}.Debug|Any CPU.ActiveCfg = Debug|Any CPU
		{5493D18A-430B-4AA8-9C2C-3830931AADF5}.Debug|Any CPU.Build.0 = Debug|Any CPU
		{5493D18A-430B-4AA8-9C2C-3830931AADF5}.Release|Any CPU.ActiveCfg = Release|Any CPU
		{5493D18A-430B-4AA8-9C2C-3830931AADF5}.Release|Any CPU.Build.0 = Release|Any CPU
		{5B9AB74E-82E6-41C9-AD07-D8883EEA4480}.Debug|Any CPU.ActiveCfg = Debug|Any CPU
		{5B9AB74E-82E6-41C9-AD07-D8883EEA4480}.Debug|Any CPU.Build.0 = Debug|Any CPU
		{5B9AB74E-82E6-41C9-AD07-D8883EEA4480}.Release|Any CPU.ActiveCfg = Release|Any CPU
		{5B9AB74E-82E6-41C9-AD07-D8883EEA4480}.Release|Any CPU.Build.0 = Release|Any CPU
		{0387A8AA-2431-42CB-8638-C490F2F7E099}.Debug|Any CPU.ActiveCfg = Debug|Any CPU
		{0387A8AA-2431-42CB-8638-C490F2F7E099}.Debug|Any CPU.Build.0 = Debug|Any CPU
		{0387A8AA-2431-42CB-8638-C490F2F7E099}.Release|Any CPU.ActiveCfg = Release|Any CPU
		{0387A8AA-2431-42CB-8638-C490F2F7E099}.Release|Any CPU.Build.0 = Release|Any CPU
	EndGlobalSection
	GlobalSection(SolutionProperties) = preSolution
		HideSolutionNode = FALSE
	EndGlobalSection
	GlobalSection(NestedProjects) = preSolution
		{2A9F96BA-12B2-4371-979A-9E6DFAC1A450} = {8303C07B-6EC4-419C-9193-E4F6EDE57150}
		{26E11938-4F07-4255-BFB6-FF4C7706BA7D} = {8303C07B-6EC4-419C-9193-E4F6EDE57150}
		{481ECE14-28CA-42B3-86F2-5462FB7D1802} = {FA3A9027-8210-4ECE-8075-28EE8C481412}
		{30D6728B-3E8C-44F0-895C-9D91010C8B4D} = {FA3A9027-8210-4ECE-8075-28EE8C481412}
		{2BD25641-0976-4680-93F1-B6B16CDBC42D} = {FA3A9027-8210-4ECE-8075-28EE8C481412}
		{31B26C85-D240-4EF3-BB59-AF113B3E204B} = {29B9FABC-D65A-4635-A2A6-458AE458C251}
		{56731D44-11AE-41EA-A5A8-3713C961F3CC} = {FA3A9027-8210-4ECE-8075-28EE8C481412}
		{64A0E5B7-2126-4366-A583-50618E6000E1} = {29B9FABC-D65A-4635-A2A6-458AE458C251}
		{DE4F904D-5D51-437C-A3CE-77822215DAD7} = {FA3A9027-8210-4ECE-8075-28EE8C481412}
		{7DB17B78-C401-4CD5-AAE1-38D7BF8207F4} = {FA3A9027-8210-4ECE-8075-28EE8C481412}
		{EB193805-A859-4D3D-8E19-A4EFAD60761B} = {29B9FABC-D65A-4635-A2A6-458AE458C251}
		{5493D18A-430B-4AA8-9C2C-3830931AADF5} = {FA3A9027-8210-4ECE-8075-28EE8C481412}
		{5B9AB74E-82E6-41C9-AD07-D8883EEA4480} = {89B085DE-0270-49E9-8AC7-1B1D7119E962}
		{0387A8AA-2431-42CB-8638-C490F2F7E099} = {89B085DE-0270-49E9-8AC7-1B1D7119E962}
	EndGlobalSection
	GlobalSection(ExtensibilityGlobals) = postSolution
		SolutionGuid = {012ABB24-4701-4BF2-9577-7619D3BAD62A}
	EndGlobalSection
EndGlobal
