
Microsoft Visual Studio Solution File, Format Version 12.00
# Visual Studio Version 16
VisualStudioVersion = 16.0.28729.10
MinimumVisualStudioVersion = 10.0.40219.1
Project("{2150E333-8FDC-42A3-9474-1A3956D46DE8}") = "tests", "tests", "{8303C07B-6EC4-419C-9193-E4F6EDE57150}"
EndProject
Project("{9A19103F-16F7-4668-BE54-9A1E7A4F7556}") = "UnitTests", "tests\UnitTests\UnitTests.csproj", "{2A9F96BA-12B2-4371-979A-9E6DFAC1A450}"
EndProject
Project("{2150E333-8FDC-42A3-9474-1A3956D46DE8}") = "build", "build", "{49E15DAE-6733-4E02-80BA-BF0407761A68}"
	ProjectSection(SolutionItems) = preProject
		build.ps1 = build.ps1
		build.sh = build.sh
		build\dependencies.props = build\dependencies.props
		NuGet.config = NuGet.config
	EndProjectSection
EndProject
Project("{9A19103F-16F7-4668-BE54-9A1E7A4F7556}") = "FunctionalTests", "tests\FunctionalTests\FunctionalTests.csproj", "{26E11938-4F07-4255-BFB6-FF4C7706BA7D}"
EndProject
Project("{9A19103F-16F7-4668-BE54-9A1E7A4F7556}") = "Esquio", "src\Esquio\Esquio.csproj", "{481ECE14-28CA-42B3-86F2-5462FB7D1802}"
EndProject
Project("{2150E333-8FDC-42A3-9474-1A3956D46DE8}") = "samples", "samples", "{29B9FABC-D65A-4635-A2A6-458AE458C251}"
EndProject
Project("{9A19103F-16F7-4668-BE54-9A1E7A4F7556}") = "Esquio.AspNetCore", "src\Esquio.AspNetCore\Esquio.AspNetCore.csproj", "{30D6728B-3E8C-44F0-895C-9D91010C8B4D}"
EndProject
Project("{9A19103F-16F7-4668-BE54-9A1E7A4F7556}") = "Esquio.Configuration.Store", "src\Esquio.Configuration.Store\Esquio.Configuration.Store.csproj", "{2BD25641-0976-4680-93F1-B6B16CDBC42D}"
EndProject
Project("{2150E333-8FDC-42A3-9474-1A3956D46DE8}") = "src", "src", "{FA3A9027-8210-4ECE-8075-28EE8C481412}"
EndProject
Project("{9A19103F-16F7-4668-BE54-9A1E7A4F7556}") = "Esquio.UI.Api", "src\Esquio.UI.Api\Esquio.UI.Api.csproj", "{7DB17B78-C401-4CD5-AAE1-38D7BF8207F4}"
EndProject
Project("{9A19103F-16F7-4668-BE54-9A1E7A4F7556}") = "Esquio.AspNetCore.ApplicationInsightProcessor", "src\Esquio.AspNetCore.ApplicationInsightProcessor\Esquio.AspNetCore.ApplicationInsightProcessor.csproj", "{5493D18A-430B-4AA8-9C2C-3830931AADF5}"
EndProject
Project("{2150E333-8FDC-42A3-9474-1A3956D46DE8}") = "tools", "tools", "{89B085DE-0270-49E9-8AC7-1B1D7119E962}"
EndProject
Project("{9A19103F-16F7-4668-BE54-9A1E7A4F7556}") = "Esquio.CliTool", "tools\Esquio.CliTool\Esquio.CliTool.csproj", "{0387A8AA-2431-42CB-8638-C490F2F7E099}"
EndProject
Project("{9A19103F-16F7-4668-BE54-9A1E7A4F7556}") = "Esquio.MiniProfiler", "tools\Esquio.MiniProfiler\Esquio.MiniProfiler.csproj", "{A0E1822D-406F-47A4-983E-C9A4BCF83AE2}"
EndProject
Project("{9A19103F-16F7-4668-BE54-9A1E7A4F7556}") = "Esquio.UI.Client", "src\Esquio.UI.Client\Esquio.UI.Client.csproj", "{91C69E3B-1E76-4AAF-82CD-DA80500E9082}"
EndProject
Project("{9A19103F-16F7-4668-BE54-9A1E7A4F7556}") = "Esquio.UI.Host", "src\Esquio.UI.Host\Esquio.UI.Host.csproj", "{294262AD-350C-4DE0-AEA3-0660A699DB66}"
EndProject
Project("{9A19103F-16F7-4668-BE54-9A1E7A4F7556}") = "Esquio.UI.Api.Shared", "src\Esquio.UI.Api.Shared\Esquio.UI.Api.Shared.csproj", "{910C41D1-107C-4629-BFCC-F14AE6E8AB2B}"
EndProject
Project("{9A19103F-16F7-4668-BE54-9A1E7A4F7556}") = "Esquio.Http.Store", "src\Esquio.Http.Store\Esquio.Http.Store.csproj", "{96DCF8F8-E72F-4D8E-86D8-5E5C687FC886}"
EndProject
Project("{9A19103F-16F7-4668-BE54-9A1E7A4F7556}") = "GettingStarted.AspNetCore.Intro", "samples\GettingStarted.AspNetCore.Intro\GettingStarted.AspNetCore.Intro.csproj", "{785F08AA-9694-42B6-BC94-7E7F985C6A40}"
EndProject
Project("{9A19103F-16F7-4668-BE54-9A1E7A4F7556}") = "GettingStarted.AspNetCore.IntroOptions", "samples\GettingStarted.AspNetCore.IntroOptions\GettingStarted.AspNetCore.IntroOptions.csproj", "{A045F690-E6A6-495A-9EEC-B9A10DC388A2}"
EndProject
Project("{9A19103F-16F7-4668-BE54-9A1E7A4F7556}") = "GettingStarted.AspNetCore.Toggles", "samples\GettingStarted.AspNetCore.Toggles\GettingStarted.AspNetCore.Toggles.csproj", "{592857E0-3B5B-4406-8B61-79A6D96C43F4}"
EndProject
Project("{9A19103F-16F7-4668-BE54-9A1E7A4F7556}") = "GettingStarted.AspNetCore.Mvc", "samples\GettingStarted.AspNetCore.Mvc\GettingStarted.AspNetCore.Mvc.csproj", "{A2B4CC14-78CD-4964-90DE-121058FA0556}"
EndProject
Project("{9A19103F-16F7-4668-BE54-9A1E7A4F7556}") = "GettingStarted.ConsoleApp", "samples\GettingStarted.ConsoleApp\GettingStarted.ConsoleApp.csproj", "{CF5806A2-6AD8-422B-8D3F-59C5D21FC5E2}"
EndProject
Project("{9A19103F-16F7-4668-BE54-9A1E7A4F7556}") = "GettingStarted.Worker", "samples\GettingStarted.Worker\GettingStarted.Worker.csproj", "{5E03D4F3-F2F2-4E02-96D6-839CFA0766D6}"
EndProject
Project("{9A19103F-16F7-4668-BE54-9A1E7A4F7556}") = "GettingStarted.AspNetCore.Mvc.HttpStore", "samples\GettingStarted.AspNetCore.Mvc.HttpStore\GettingStarted.AspNetCore.Mvc.HttpStore.csproj", "{148ECEB4-FF99-4DBD-B364-751FDD6C090D}"
EndProject
Project("{2150E333-8FDC-42A3-9474-1A3956D46DE8}") = "demos", "demos", "{669FB673-7855-4B59-9625-132124AB65A4}"
EndProject
Project("{9A19103F-16F7-4668-BE54-9A1E7A4F7556}") = "WebApp", "demos\WebApp\WebApp.csproj", "{8BDB0606-1DD2-4206-A63C-58DD1259D2DF}"
EndProject
Project("{9A19103F-16F7-4668-BE54-9A1E7A4F7556}") = "Esquio.Blazor.WebAssembly", "src\Esquio.Blazor.WebAssembly\Esquio.Blazor.WebAssembly.csproj", "{DAABA1D5-4B9C-46D5-8B36-6D0B3DFBA818}"
EndProject
Project("{9A19103F-16F7-4668-BE54-9A1E7A4F7556}") = "GettingStarted.AspNetCore.ClientEndpoint", "samples\GettingStarted.AspNetCore.ClientEndpoint\GettingStarted.AspNetCore.ClientEndpoint.csproj", "{4FAF88EC-9E97-4A48-A8B3-2115728844D0}"
EndProject
Project("{9A19103F-16F7-4668-BE54-9A1E7A4F7556}") = "GettingStarted.Blazor.WebAssembly.Server", "samples\GettingStarted.Blazor.WebAssembly\Server\GettingStarted.Blazor.WebAssembly.Server.csproj", "{DF99BED3-0721-4162-BDDA-4671757EB77F}"
EndProject
Project("{9A19103F-16F7-4668-BE54-9A1E7A4F7556}") = "GettingStarted.Blazor.WebAssembly.Client", "samples\GettingStarted.Blazor.WebAssembly\Client\GettingStarted.Blazor.WebAssembly.Client.csproj", "{29A26548-D80D-4CE0-A4DE-A5F842CF24AA}"
EndProject
Project("{9A19103F-16F7-4668-BE54-9A1E7A4F7556}") = "GettingStarted.Blazor.WebAssembly.Shared", "samples\GettingStarted.Blazor.WebAssembly.Shared\GettingStarted.Blazor.WebAssembly.Shared.csproj", "{C398E2E1-3000-4FD2-8624-6963C8ECEA3B}"
EndProject
Project("{9A19103F-16F7-4668-BE54-9A1E7A4F7556}") = "GettingStarted.AspNetCore.EvaluationSession", "samples\GettingStarted.AspNetCore.EvaluationSession\GettingStarted.AspNetCore.EvaluationSession.csproj", "{78B00EDF-CC4F-4014-BCEA-6807CB66FB2C}"
EndProject
Project("{9A19103F-16F7-4668-BE54-9A1E7A4F7556}") = "GettingStarted.AspNetCore.Mvc.ApplicationInsights", "samples\GettingStarted.AspNetCore.Mvc.ApplicationInsights\GettingStarted.AspNetCore.Mvc.ApplicationInsights.csproj", "{66B38F31-F08A-4A66-BB5E-417594478003}"
EndProject
Global
	GlobalSection(SolutionConfigurationPlatforms) = preSolution
		Debug|Any CPU = Debug|Any CPU
		Release|Any CPU = Release|Any CPU
	EndGlobalSection
	GlobalSection(ProjectConfigurationPlatforms) = postSolution
		{2A9F96BA-12B2-4371-979A-9E6DFAC1A450}.Debug|Any CPU.ActiveCfg = Debug|Any CPU
		{2A9F96BA-12B2-4371-979A-9E6DFAC1A450}.Debug|Any CPU.Build.0 = Debug|Any CPU
		{2A9F96BA-12B2-4371-979A-9E6DFAC1A450}.Release|Any CPU.ActiveCfg = Release|Any CPU
		{2A9F96BA-12B2-4371-979A-9E6DFAC1A450}.Release|Any CPU.Build.0 = Release|Any CPU
		{26E11938-4F07-4255-BFB6-FF4C7706BA7D}.Debug|Any CPU.ActiveCfg = Debug|Any CPU
		{26E11938-4F07-4255-BFB6-FF4C7706BA7D}.Debug|Any CPU.Build.0 = Debug|Any CPU
		{26E11938-4F07-4255-BFB6-FF4C7706BA7D}.Release|Any CPU.ActiveCfg = Release|Any CPU
		{26E11938-4F07-4255-BFB6-FF4C7706BA7D}.Release|Any CPU.Build.0 = Release|Any CPU
		{481ECE14-28CA-42B3-86F2-5462FB7D1802}.Debug|Any CPU.ActiveCfg = Debug|Any CPU
		{481ECE14-28CA-42B3-86F2-5462FB7D1802}.Debug|Any CPU.Build.0 = Debug|Any CPU
		{481ECE14-28CA-42B3-86F2-5462FB7D1802}.Release|Any CPU.ActiveCfg = Release|Any CPU
		{481ECE14-28CA-42B3-86F2-5462FB7D1802}.Release|Any CPU.Build.0 = Release|Any CPU
		{30D6728B-3E8C-44F0-895C-9D91010C8B4D}.Debug|Any CPU.ActiveCfg = Debug|Any CPU
		{30D6728B-3E8C-44F0-895C-9D91010C8B4D}.Debug|Any CPU.Build.0 = Debug|Any CPU
		{30D6728B-3E8C-44F0-895C-9D91010C8B4D}.Release|Any CPU.ActiveCfg = Release|Any CPU
		{30D6728B-3E8C-44F0-895C-9D91010C8B4D}.Release|Any CPU.Build.0 = Release|Any CPU
		{2BD25641-0976-4680-93F1-B6B16CDBC42D}.Debug|Any CPU.ActiveCfg = Debug|Any CPU
		{2BD25641-0976-4680-93F1-B6B16CDBC42D}.Debug|Any CPU.Build.0 = Debug|Any CPU
		{2BD25641-0976-4680-93F1-B6B16CDBC42D}.Release|Any CPU.ActiveCfg = Release|Any CPU
		{2BD25641-0976-4680-93F1-B6B16CDBC42D}.Release|Any CPU.Build.0 = Release|Any CPU
		{7DB17B78-C401-4CD5-AAE1-38D7BF8207F4}.Debug|Any CPU.ActiveCfg = Debug|Any CPU
		{7DB17B78-C401-4CD5-AAE1-38D7BF8207F4}.Debug|Any CPU.Build.0 = Debug|Any CPU
		{7DB17B78-C401-4CD5-AAE1-38D7BF8207F4}.Release|Any CPU.ActiveCfg = Release|Any CPU
		{7DB17B78-C401-4CD5-AAE1-38D7BF8207F4}.Release|Any CPU.Build.0 = Release|Any CPU
		{5493D18A-430B-4AA8-9C2C-3830931AADF5}.Debug|Any CPU.ActiveCfg = Debug|Any CPU
		{5493D18A-430B-4AA8-9C2C-3830931AADF5}.Debug|Any CPU.Build.0 = Debug|Any CPU
		{5493D18A-430B-4AA8-9C2C-3830931AADF5}.Release|Any CPU.ActiveCfg = Release|Any CPU
		{5493D18A-430B-4AA8-9C2C-3830931AADF5}.Release|Any CPU.Build.0 = Release|Any CPU
		{0387A8AA-2431-42CB-8638-C490F2F7E099}.Debug|Any CPU.ActiveCfg = Debug|Any CPU
		{0387A8AA-2431-42CB-8638-C490F2F7E099}.Debug|Any CPU.Build.0 = Debug|Any CPU
		{0387A8AA-2431-42CB-8638-C490F2F7E099}.Release|Any CPU.ActiveCfg = Release|Any CPU
		{0387A8AA-2431-42CB-8638-C490F2F7E099}.Release|Any CPU.Build.0 = Release|Any CPU
		{A0E1822D-406F-47A4-983E-C9A4BCF83AE2}.Debug|Any CPU.ActiveCfg = Debug|Any CPU
		{A0E1822D-406F-47A4-983E-C9A4BCF83AE2}.Debug|Any CPU.Build.0 = Debug|Any CPU
		{A0E1822D-406F-47A4-983E-C9A4BCF83AE2}.Release|Any CPU.ActiveCfg = Release|Any CPU
		{A0E1822D-406F-47A4-983E-C9A4BCF83AE2}.Release|Any CPU.Build.0 = Release|Any CPU
		{91C69E3B-1E76-4AAF-82CD-DA80500E9082}.Debug|Any CPU.ActiveCfg = Debug|Any CPU
		{91C69E3B-1E76-4AAF-82CD-DA80500E9082}.Debug|Any CPU.Build.0 = Debug|Any CPU
		{91C69E3B-1E76-4AAF-82CD-DA80500E9082}.Release|Any CPU.ActiveCfg = Release|Any CPU
		{91C69E3B-1E76-4AAF-82CD-DA80500E9082}.Release|Any CPU.Build.0 = Release|Any CPU
		{294262AD-350C-4DE0-AEA3-0660A699DB66}.Debug|Any CPU.ActiveCfg = Debug|Any CPU
		{294262AD-350C-4DE0-AEA3-0660A699DB66}.Debug|Any CPU.Build.0 = Debug|Any CPU
		{294262AD-350C-4DE0-AEA3-0660A699DB66}.Release|Any CPU.ActiveCfg = Release|Any CPU
		{294262AD-350C-4DE0-AEA3-0660A699DB66}.Release|Any CPU.Build.0 = Release|Any CPU
		{910C41D1-107C-4629-BFCC-F14AE6E8AB2B}.Debug|Any CPU.ActiveCfg = Debug|Any CPU
		{910C41D1-107C-4629-BFCC-F14AE6E8AB2B}.Debug|Any CPU.Build.0 = Debug|Any CPU
		{910C41D1-107C-4629-BFCC-F14AE6E8AB2B}.Release|Any CPU.ActiveCfg = Release|Any CPU
		{910C41D1-107C-4629-BFCC-F14AE6E8AB2B}.Release|Any CPU.Build.0 = Release|Any CPU
		{96DCF8F8-E72F-4D8E-86D8-5E5C687FC886}.Debug|Any CPU.ActiveCfg = Debug|Any CPU
		{96DCF8F8-E72F-4D8E-86D8-5E5C687FC886}.Debug|Any CPU.Build.0 = Debug|Any CPU
		{96DCF8F8-E72F-4D8E-86D8-5E5C687FC886}.Release|Any CPU.ActiveCfg = Release|Any CPU
		{96DCF8F8-E72F-4D8E-86D8-5E5C687FC886}.Release|Any CPU.Build.0 = Release|Any CPU
		{785F08AA-9694-42B6-BC94-7E7F985C6A40}.Debug|Any CPU.ActiveCfg = Debug|Any CPU
		{785F08AA-9694-42B6-BC94-7E7F985C6A40}.Debug|Any CPU.Build.0 = Debug|Any CPU
		{785F08AA-9694-42B6-BC94-7E7F985C6A40}.Release|Any CPU.ActiveCfg = Release|Any CPU
		{785F08AA-9694-42B6-BC94-7E7F985C6A40}.Release|Any CPU.Build.0 = Release|Any CPU
		{A045F690-E6A6-495A-9EEC-B9A10DC388A2}.Debug|Any CPU.ActiveCfg = Debug|Any CPU
		{A045F690-E6A6-495A-9EEC-B9A10DC388A2}.Debug|Any CPU.Build.0 = Debug|Any CPU
		{A045F690-E6A6-495A-9EEC-B9A10DC388A2}.Release|Any CPU.ActiveCfg = Release|Any CPU
		{A045F690-E6A6-495A-9EEC-B9A10DC388A2}.Release|Any CPU.Build.0 = Release|Any CPU
		{592857E0-3B5B-4406-8B61-79A6D96C43F4}.Debug|Any CPU.ActiveCfg = Debug|Any CPU
		{592857E0-3B5B-4406-8B61-79A6D96C43F4}.Debug|Any CPU.Build.0 = Debug|Any CPU
		{592857E0-3B5B-4406-8B61-79A6D96C43F4}.Release|Any CPU.ActiveCfg = Release|Any CPU
		{592857E0-3B5B-4406-8B61-79A6D96C43F4}.Release|Any CPU.Build.0 = Release|Any CPU
		{A2B4CC14-78CD-4964-90DE-121058FA0556}.Debug|Any CPU.ActiveCfg = Debug|Any CPU
		{A2B4CC14-78CD-4964-90DE-121058FA0556}.Debug|Any CPU.Build.0 = Debug|Any CPU
		{A2B4CC14-78CD-4964-90DE-121058FA0556}.Release|Any CPU.ActiveCfg = Release|Any CPU
		{A2B4CC14-78CD-4964-90DE-121058FA0556}.Release|Any CPU.Build.0 = Release|Any CPU
		{CF5806A2-6AD8-422B-8D3F-59C5D21FC5E2}.Debug|Any CPU.ActiveCfg = Debug|Any CPU
		{CF5806A2-6AD8-422B-8D3F-59C5D21FC5E2}.Debug|Any CPU.Build.0 = Debug|Any CPU
		{CF5806A2-6AD8-422B-8D3F-59C5D21FC5E2}.Release|Any CPU.ActiveCfg = Release|Any CPU
		{CF5806A2-6AD8-422B-8D3F-59C5D21FC5E2}.Release|Any CPU.Build.0 = Release|Any CPU
		{5E03D4F3-F2F2-4E02-96D6-839CFA0766D6}.Debug|Any CPU.ActiveCfg = Debug|Any CPU
		{5E03D4F3-F2F2-4E02-96D6-839CFA0766D6}.Debug|Any CPU.Build.0 = Debug|Any CPU
		{5E03D4F3-F2F2-4E02-96D6-839CFA0766D6}.Release|Any CPU.ActiveCfg = Release|Any CPU
		{5E03D4F3-F2F2-4E02-96D6-839CFA0766D6}.Release|Any CPU.Build.0 = Release|Any CPU
		{148ECEB4-FF99-4DBD-B364-751FDD6C090D}.Debug|Any CPU.ActiveCfg = Debug|Any CPU
		{148ECEB4-FF99-4DBD-B364-751FDD6C090D}.Debug|Any CPU.Build.0 = Debug|Any CPU
		{148ECEB4-FF99-4DBD-B364-751FDD6C090D}.Release|Any CPU.ActiveCfg = Release|Any CPU
		{148ECEB4-FF99-4DBD-B364-751FDD6C090D}.Release|Any CPU.Build.0 = Release|Any CPU
		{8BDB0606-1DD2-4206-A63C-58DD1259D2DF}.Debug|Any CPU.ActiveCfg = Debug|Any CPU
		{8BDB0606-1DD2-4206-A63C-58DD1259D2DF}.Debug|Any CPU.Build.0 = Debug|Any CPU
		{8BDB0606-1DD2-4206-A63C-58DD1259D2DF}.Release|Any CPU.ActiveCfg = Release|Any CPU
		{8BDB0606-1DD2-4206-A63C-58DD1259D2DF}.Release|Any CPU.Build.0 = Release|Any CPU
		{DAABA1D5-4B9C-46D5-8B36-6D0B3DFBA818}.Debug|Any CPU.ActiveCfg = Debug|Any CPU
		{DAABA1D5-4B9C-46D5-8B36-6D0B3DFBA818}.Debug|Any CPU.Build.0 = Debug|Any CPU
		{DAABA1D5-4B9C-46D5-8B36-6D0B3DFBA818}.Release|Any CPU.ActiveCfg = Release|Any CPU
		{DAABA1D5-4B9C-46D5-8B36-6D0B3DFBA818}.Release|Any CPU.Build.0 = Release|Any CPU
		{4FAF88EC-9E97-4A48-A8B3-2115728844D0}.Debug|Any CPU.ActiveCfg = Debug|Any CPU
		{4FAF88EC-9E97-4A48-A8B3-2115728844D0}.Debug|Any CPU.Build.0 = Debug|Any CPU
		{4FAF88EC-9E97-4A48-A8B3-2115728844D0}.Release|Any CPU.ActiveCfg = Release|Any CPU
		{4FAF88EC-9E97-4A48-A8B3-2115728844D0}.Release|Any CPU.Build.0 = Release|Any CPU
		{DF99BED3-0721-4162-BDDA-4671757EB77F}.Debug|Any CPU.ActiveCfg = Debug|Any CPU
		{DF99BED3-0721-4162-BDDA-4671757EB77F}.Debug|Any CPU.Build.0 = Debug|Any CPU
		{DF99BED3-0721-4162-BDDA-4671757EB77F}.Release|Any CPU.ActiveCfg = Release|Any CPU
		{DF99BED3-0721-4162-BDDA-4671757EB77F}.Release|Any CPU.Build.0 = Release|Any CPU
		{29A26548-D80D-4CE0-A4DE-A5F842CF24AA}.Debug|Any CPU.ActiveCfg = Debug|Any CPU
		{29A26548-D80D-4CE0-A4DE-A5F842CF24AA}.Debug|Any CPU.Build.0 = Debug|Any CPU
		{29A26548-D80D-4CE0-A4DE-A5F842CF24AA}.Release|Any CPU.ActiveCfg = Release|Any CPU
		{29A26548-D80D-4CE0-A4DE-A5F842CF24AA}.Release|Any CPU.Build.0 = Release|Any CPU
		{C398E2E1-3000-4FD2-8624-6963C8ECEA3B}.Debug|Any CPU.ActiveCfg = Debug|Any CPU
		{C398E2E1-3000-4FD2-8624-6963C8ECEA3B}.Debug|Any CPU.Build.0 = Debug|Any CPU
		{C398E2E1-3000-4FD2-8624-6963C8ECEA3B}.Release|Any CPU.ActiveCfg = Release|Any CPU
		{C398E2E1-3000-4FD2-8624-6963C8ECEA3B}.Release|Any CPU.Build.0 = Release|Any CPU
		{78B00EDF-CC4F-4014-BCEA-6807CB66FB2C}.Debug|Any CPU.ActiveCfg = Debug|Any CPU
		{78B00EDF-CC4F-4014-BCEA-6807CB66FB2C}.Debug|Any CPU.Build.0 = Debug|Any CPU
		{78B00EDF-CC4F-4014-BCEA-6807CB66FB2C}.Release|Any CPU.ActiveCfg = Release|Any CPU
		{78B00EDF-CC4F-4014-BCEA-6807CB66FB2C}.Release|Any CPU.Build.0 = Release|Any CPU
		{66B38F31-F08A-4A66-BB5E-417594478003}.Debug|Any CPU.ActiveCfg = Debug|Any CPU
		{66B38F31-F08A-4A66-BB5E-417594478003}.Debug|Any CPU.Build.0 = Debug|Any CPU
		{66B38F31-F08A-4A66-BB5E-417594478003}.Release|Any CPU.ActiveCfg = Release|Any CPU
		{66B38F31-F08A-4A66-BB5E-417594478003}.Release|Any CPU.Build.0 = Release|Any CPU
	EndGlobalSection
	GlobalSection(SolutionProperties) = preSolution
		HideSolutionNode = FALSE
	EndGlobalSection
	GlobalSection(NestedProjects) = preSolution
		{2A9F96BA-12B2-4371-979A-9E6DFAC1A450} = {8303C07B-6EC4-419C-9193-E4F6EDE57150}
		{26E11938-4F07-4255-BFB6-FF4C7706BA7D} = {8303C07B-6EC4-419C-9193-E4F6EDE57150}
		{481ECE14-28CA-42B3-86F2-5462FB7D1802} = {FA3A9027-8210-4ECE-8075-28EE8C481412}
		{30D6728B-3E8C-44F0-895C-9D91010C8B4D} = {FA3A9027-8210-4ECE-8075-28EE8C481412}
		{2BD25641-0976-4680-93F1-B6B16CDBC42D} = {FA3A9027-8210-4ECE-8075-28EE8C481412}
		{7DB17B78-C401-4CD5-AAE1-38D7BF8207F4} = {FA3A9027-8210-4ECE-8075-28EE8C481412}
		{5493D18A-430B-4AA8-9C2C-3830931AADF5} = {FA3A9027-8210-4ECE-8075-28EE8C481412}
		{0387A8AA-2431-42CB-8638-C490F2F7E099} = {89B085DE-0270-49E9-8AC7-1B1D7119E962}
		{A0E1822D-406F-47A4-983E-C9A4BCF83AE2} = {89B085DE-0270-49E9-8AC7-1B1D7119E962}
		{91C69E3B-1E76-4AAF-82CD-DA80500E9082} = {FA3A9027-8210-4ECE-8075-28EE8C481412}
		{294262AD-350C-4DE0-AEA3-0660A699DB66} = {FA3A9027-8210-4ECE-8075-28EE8C481412}
		{910C41D1-107C-4629-BFCC-F14AE6E8AB2B} = {FA3A9027-8210-4ECE-8075-28EE8C481412}
		{96DCF8F8-E72F-4D8E-86D8-5E5C687FC886} = {FA3A9027-8210-4ECE-8075-28EE8C481412}
		{785F08AA-9694-42B6-BC94-7E7F985C6A40} = {29B9FABC-D65A-4635-A2A6-458AE458C251}
		{A045F690-E6A6-495A-9EEC-B9A10DC388A2} = {29B9FABC-D65A-4635-A2A6-458AE458C251}
		{592857E0-3B5B-4406-8B61-79A6D96C43F4} = {29B9FABC-D65A-4635-A2A6-458AE458C251}
		{A2B4CC14-78CD-4964-90DE-121058FA0556} = {29B9FABC-D65A-4635-A2A6-458AE458C251}
		{CF5806A2-6AD8-422B-8D3F-59C5D21FC5E2} = {29B9FABC-D65A-4635-A2A6-458AE458C251}
		{5E03D4F3-F2F2-4E02-96D6-839CFA0766D6} = {29B9FABC-D65A-4635-A2A6-458AE458C251}
		{148ECEB4-FF99-4DBD-B364-751FDD6C090D} = {29B9FABC-D65A-4635-A2A6-458AE458C251}
		{8BDB0606-1DD2-4206-A63C-58DD1259D2DF} = {669FB673-7855-4B59-9625-132124AB65A4}
		{DAABA1D5-4B9C-46D5-8B36-6D0B3DFBA818} = {FA3A9027-8210-4ECE-8075-28EE8C481412}
		{4FAF88EC-9E97-4A48-A8B3-2115728844D0} = {29B9FABC-D65A-4635-A2A6-458AE458C251}
		{DF99BED3-0721-4162-BDDA-4671757EB77F} = {29B9FABC-D65A-4635-A2A6-458AE458C251}
		{29A26548-D80D-4CE0-A4DE-A5F842CF24AA} = {29B9FABC-D65A-4635-A2A6-458AE458C251}
		{C398E2E1-3000-4FD2-8624-6963C8ECEA3B} = {29B9FABC-D65A-4635-A2A6-458AE458C251}
		{78B00EDF-CC4F-4014-BCEA-6807CB66FB2C} = {29B9FABC-D65A-4635-A2A6-458AE458C251}
		{66B38F31-F08A-4A66-BB5E-417594478003} = {29B9FABC-D65A-4635-A2A6-458AE458C251}
	EndGlobalSection
	GlobalSection(ExtensibilityGlobals) = postSolution
		SolutionGuid = {012ABB24-4701-4BF2-9577-7619D3BAD62A}
	EndGlobalSection
EndGlobal
